
Microsoft Visual Studio Solution File, Format Version 12.00
# Visual Studio Version 16
VisualStudioVersion = 16.0.30128.74
MinimumVisualStudioVersion = 10.0.40219.1
Project("{FAE04EC0-301F-11D3-BF4B-00C04F79EFBC}") = "MvcMovie", "MvcMovie.csproj", "{772BB1D7-610B-4790-8F80-9EE9B5FE4779}"
EndProject
Global
	GlobalSection(SolutionConfigurationPlatforms) = preSolution
		Debug|Any CPU = Debug|Any CPU
		Release|Any CPU = Release|Any CPU
	EndGlobalSection
	GlobalSection(ProjectConfigurationPlatforms) = postSolution
		{772BB1D7-610B-4790-8F80-9EE9B5FE4779}.Debug|Any CPU.ActiveCfg = Debug|Any CPU
		{772BB1D7-610B-4790-8F80-9EE9B5FE4779}.Debug|Any CPU.Build.0 = Debug|Any CPU
		{772BB1D7-610B-4790-8F80-9EE9B5FE4779}.Release|Any CPU.ActiveCfg = Release|Any CPU
		{772BB1D7-610B-4790-8F80-9EE9B5FE4779}.Release|Any CPU.Build.0 = Release|Any CPU
	EndGlobalSection
	GlobalSection(SolutionProperties) = preSolution
		HideSolutionNode = FALSE
	EndGlobalSection
	GlobalSection(ExtensibilityGlobals) = postSolution
		SolutionGuid = {86D25E61-BE8C-4CE5-9A0D-DEFA23876AF7}
	EndGlobalSection
EndGlobal
